github.com/ARC5RF/go-blame v0.0.0-20251202020831-edadaf76c87d h1:DFMRVqpfZ6iCxbwz4FPhnImoG88uvV3oPZ/bWSvELCg=
github.com/ARC5RF/go-blame v0.0.0-20251202020831-edadaf76c87d/go.mod h1:HzBosufHoSrpqCLpLW5etk/EDfDNbjGRCJWd3MmGGlQ=
github.com/ARC5RF/go-nanolex v0.0.0-20251206105418-45471cbfa934 h1:bLIvdzHYnectRvsUelQh7+AtIjsSxYONTGnkCpvgHZE=
github.com/ARC5RF/go-nanolex v0.0.0-20251206105418-45471cbfa934/go.mod h1:QOreu1w1w8AOseJIXmbyGgdqN/LDAiFH5ObYTsUpdr8=
github.com/ARC5RF/go-which v0.0.0-20251206104546-adf27578146d h1:q4bHp3+fHCqGTOLXJ7yND/D78bmBm7Aoj2GAKUQ1E1c=
github.com/ARC5RF/go-which v0.0.0-20251206104546-adf27578146d/go.mod h1:rVbBy2yz0stkBCnJdj6GHtMhP74fWh1uqyjw7X1bnm8=
